
Microsoft Visual Studio Solution File, Format Version 12.00
# Visual Studio Version 16
VisualStudioVersion = 16.0.31112.23
MinimumVisualStudioVersion = 10.0.40219.1
Project("{FAE04EC0-301F-11D3-BF4B-00C04F79EFBC}") = "EstruturaFor", "EstruturaFor.csproj", "{DE5D68FE-D72F-46DE-8231-07EBE1ECE251}"
EndProject
Global
	GlobalSection(SolutionConfigurationPlatforms) = preSolution
		Debug|Any CPU = Debug|Any CPU
		Release|Any CPU = Release|Any CPU
	EndGlobalSection
	GlobalSection(ProjectConfigurationPlatforms) = postSolution
		{DE5D68FE-D72F-46DE-8231-07EBE1ECE251}.Debug|Any CPU.ActiveCfg = Debug|Any CPU
		{DE5D68FE-D72F-46DE-8231-07EBE1ECE251}.Debug|Any CPU.Build.0 = Debug|Any CPU
		{DE5D68FE-D72F-46DE-8231-07EBE1ECE251}.Release|Any CPU.ActiveCfg = Release|Any CPU
		{DE5D68FE-D72F-46DE-8231-07EBE1ECE251}.Release|Any CPU.Build.0 = Release|Any CPU
	EndGlobalSection
	GlobalSection(SolutionProperties) = preSolution
		HideSolutionNode = FALSE
	EndGlobalSection
	GlobalSection(ExtensibilityGlobals) = postSolution
		SolutionGuid = {0F081A0C-441C-492F-B897-EE5AA1CF4DEE}
	EndGlobalSection
EndGlobal
